// !$*UTF8*$!
{
	archiveVersion = 1;
	classes = {
	};
	objectVersion = 46;
	objects = {

/* Begin PBXBuildFile section */
		F76ADFC91F26B979008E5E7C /* UITableView+Empty.m in Sources */ = {isa = PBXBuildFile; fileRef = F76ADFC81F26B979008E5E7C /* UITableView+Empty.m */; };
		F7FB0DC91F24FB5800B6F3FA /* main.m in Sources */ = {isa = PBXBuildFile; fileRef = F7FB0DC81F24FB5800B6F3FA /* main.m */; };
		F7FB0DCC1F24FB5800B6F3FA /* AppDelegate.m in Sources */ = {isa = PBXBuildFile; fileRef = F7FB0DCB1F24FB5800B6F3FA /* AppDelegate.m */; };
		F7FB0DCF1F24FB5800B6F3FA /* ViewController.m in Sources */ = {isa = PBXBuildFile; fileRef = F7FB0DCE1F24FB5800B6F3FA /* ViewController.m */; };
		F7FB0DD21F24FB5800B6F3FA /* Main.storyboard in Resources */ = {isa = PBXBuildFile; fileRef = F7FB0DD01F24FB5800B6F3FA /* Main.storyboard */; };
		F7FB0DD41F24FB5800B6F3FA /* Assets.xcassets in Resources */ = {isa = PBXBuildFile; fileRef = F7FB0DD31F24FB5800B6F3FA /* Assets.xcassets */; };
		F7FB0DD71F24FB5800B6F3FA /* LaunchScreen.storyboard in Resources */ = {isa = PBXBuildFile; fileRef = F7FB0DD51F24FB5800B6F3FA /* LaunchScreen.storyboard */; };
		F7FB0DE21F24FB5800B6F3FA /* XQEmptyToolTests.m in Sources */ = {isa = PBXBuildFile; fileRef = F7FB0DE11F24FB5800B6F3FA /* XQEmptyToolTests.m */; };
		F7FB0DED1F24FB5800B6F3FA /* XQEmptyToolUITests.m in Sources */ = {isa = PBXBuildFile; fileRef = F7FB0DEC1F24FB5800B6F3FA /* XQEmptyToolUITests.m */; };
		F7FB0DFF1F24FB7C00B6F3FA /* refresh@2x.png in Resources */ = {isa = PBXBuildFile; fileRef = F7FB0DFD1F24FB7C00B6F3FA /* refresh@2x.png */; };
		F7FB0E001F24FB7C00B6F3FA /* refresh@3x.png in Resources */ = {isa = PBXBuildFile; fileRef = F7FB0DFE1F24FB7C00B6F3FA /* refresh@3x.png */; };
/* End PBXBuildFile section */

/* Begin PBXContainerItemProxy section */
		F7FB0DDE1F24FB5800B6F3FA /* PBXContainerItemProxy */ = {
			isa = PBXContainerItemProxy;
			containerPortal = F7FB0DBC1F24FB5700B6F3FA /* Project object */;
			proxyType = 1;
			remoteGlobalIDString = F7FB0DC31F24FB5700B6F3FA;
			remoteInfo = XQEmptyTool;
		};
		F7FB0DE91F24FB5800B6F3FA /* PBXContainerItemProxy */ = {
			isa = PBXContainerItemProxy;
			containerPortal = F7FB0DBC1F24FB5700B6F3FA /* Project object */;
			proxyType = 1;
			remoteGlobalIDString = F7FB0DC31F24FB5700B6F3FA;
			remoteInfo = XQEmptyTool;
		};
/* End PBXContainerItemProxy section */

/* Begin PBXFileReference section */
		F76ADFC71F26B979008E5E7C /* UITableView+Empty.h */ = {isa = PBXFileReference; fileEncoding = 4; lastKnownFileType = sourcecode.c.h; path = "UITableView+Empty.h"; sourceTree = "<group>"; };
		F76ADFC81F26B979008E5E7C /* UITableView+Empty.m */ = {isa = PBXFileReference; fileEncoding = 4; lastKnownFileType = sourcecode.c.objc; path = "UITableView+Empty.m"; sourceTree = "<group>"; };
		F7FB0DC41F24FB5800B6F3FA /* XQEmptyTool.app */ = {isa = PBXFileReference; explicitFileType = wrapper.application; includeInIndex = 0; path = XQEmptyTool.app; sourceTree = BUILT_PRODUCTS_DIR; };
		F7FB0DC81F24FB5800B6F3FA /* main.m */ = {isa = PBXFileReference; lastKnownFileType = sourcecode.c.objc; path = main.m; sourceTree = "<group>"; };
		F7FB0DCA1F24FB5800B6F3FA /* AppDelegate.h */ = {isa = PBXFileReference; lastKnownFileType = sourcecode.c.h; path = AppDelegate.h; sourceTree = "<group>"; };
		F7FB0DCB1F24FB5800B6F3FA /* AppDelegate.m */ = {isa = PBXFileReference; lastKnownFileType = sourcecode.c.objc; path = AppDelegate.m; sourceTree = "<group>"; };
		F7FB0DCD1F24FB5800B6F3FA /* ViewController.h */ = {isa = PBXFileReference; lastKnownFileType = sourcecode.c.h; path = ViewController.h; sourceTree = "<group>"; };
		F7FB0DCE1F24FB5800B6F3FA /* ViewController.m */ = {isa = PBXFileReference; lastKnownFileType = sourcecode.c.objc; path = ViewController.m; sourceTree = "<group>"; };
		F7FB0DD11F24FB5800B6F3FA /* Base */ = {isa = PBXFileReference; lastKnownFileType = file.storyboard; name = Base; path = Base.lproj/Main.storyboard; sourceTree = "<group>"; };
		F7FB0DD31F24FB5800B6F3FA /* Assets.xcassets */ = {isa = PBXFileReference; lastKnownFileType = folder.assetcatalog; path = Assets.xcassets; sourceTree = "<group>"; };
		F7FB0DD61F24FB5800B6F3FA /* Base */ = {isa = PBXFileReference; lastKnownFileType = file.storyboard; name = Base; path = Base.lproj/LaunchScreen.storyboard; sourceTree = "<group>"; };
		F7FB0DD81F24FB5800B6F3FA /* Info.plist */ = {isa = PBXFileReference; lastKnownFileType = text.plist.xml; path = Info.plist; sourceTree = "<group>"; };
		F7FB0DDD1F24FB5800B6F3FA /* XQEmptyToolTests.xctest */ = {isa = PBXFileReference; explicitFileType = wrapper.cfbundle; includeInIndex = 0; path = XQEmptyToolTests.xctest; sourceTree = BUILT_PRODUCTS_DIR; };
		F7FB0DE11F24FB5800B6F3FA /* XQEmptyToolTests.m */ = {isa = PBXFileReference; lastKnownFileType = sourcecode.c.objc; path = XQEmptyToolTests.m; sourceTree = "<group>"; };
		F7FB0DE31F24FB5800B6F3FA /* Info.plist */ = {isa = PBXFileReference; lastKnownFileType = text.plist.xml; path = Info.plist; sourceTree = "<group>"; };
		F7FB0DE81F24FB5800B6F3FA /* XQEmptyToolUITests.xctest */ = {isa = PBXFileReference; explicitFileType = wrapper.cfbundle; includeInIndex = 0; path = XQEmptyToolUITests.xctest; sourceTree = BUILT_PRODUCTS_DIR; };
		F7FB0DEC1F24FB5800B6F3FA /* XQEmptyToolUITests.m */ = {isa = PBXFileReference; lastKnownFileType = sourcecode.c.objc; path = XQEmptyToolUITests.m; sourceTree = "<group>"; };
		F7FB0DEE1F24FB5800B6F3FA /* Info.plist */ = {isa = PBXFileReference; lastKnownFileType = text.plist.xml; path = Info.plist; sourceTree = "<group>"; };
		F7FB0DFD1F24FB7C00B6F3FA /* refresh@2x.png */ = {isa = PBXFileReference; lastKnownFileType = image.png; path = "refresh@2x.png"; sourceTree = "<group>"; };
		F7FB0DFE1F24FB7C00B6F3FA /* refresh@3x.png */ = {isa = PBXFileReference; lastKnownFileType = image.png; path = "refresh@3x.png"; sourceTree = "<group>"; };
/* End PBXFileReference section */

/* Begin PBXFrameworksBuildPhase section */
		F7FB0DC11F24FB5700B6F3FA /* Frameworks */ = {
			isa = PBXFrameworksBuildPhase;
			buildActionMask = 2147483647;
			files = (
			);
			runOnlyForDeploymentPostprocessing = 0;
		};
		F7FB0DDA1F24FB5800B6F3FA /* Frameworks */ = {
			isa = PBXFrameworksBuildPhase;
			buildActionMask = 2147483647;
			files = (
			);
			runOnlyForDeploymentPostprocessing = 0;
		};
		F7FB0DE51F24FB5800B6F3FA /* Frameworks */ = {
			isa = PBXFrameworksBuildPhase;
			buildActionMask = 2147483647;
			files = (
			);
			runOnlyForDeploymentPostprocessing = 0;
		};
/* End PBXFrameworksBuildPhase section */

/* Begin PBXGroup section */
		F7FB0DBB1F24FB5700B6F3FA = {
			isa = PBXGroup;
			children = (
				F7FB0DC61F24FB5800B6F3FA /* XQEmptyTool */,
				F7FB0DE01F24FB5800B6F3FA /* XQEmptyToolTests */,
				F7FB0DEB1F24FB5800B6F3FA /* XQEmptyToolUITests */,
				F7FB0DC51F24FB5800B6F3FA /* Products */,
			);
			sourceTree = "<group>";
		};
		F7FB0DC51F24FB5800B6F3FA /* Products */ = {
			isa = PBXGroup;
			children = (
				F7FB0DC41F24FB5800B6F3FA /* XQEmptyTool.app */,
				F7FB0DDD1F24FB5800B6F3FA /* XQEmptyToolTests.xctest */,
				F7FB0DE81F24FB5800B6F3FA /* XQEmptyToolUITests.xctest */,
			);
			name = Products;
			sourceTree = "<group>";
		};
		F7FB0DC61F24FB5800B6F3FA /* XQEmptyTool */ = {
			isa = PBXGroup;
			children = (
				F7FB0DCA1F24FB5800B6F3FA /* AppDelegate.h */,
				F7FB0DCB1F24FB5800B6F3FA /* AppDelegate.m */,
				F7FB0DCD1F24FB5800B6F3FA /* ViewController.h */,
				F7FB0DCE1F24FB5800B6F3FA /* ViewController.m */,
				F76ADFC71F26B979008E5E7C /* UITableView+Empty.h */,
				F76ADFC81F26B979008E5E7C /* UITableView+Empty.m */,
				F7FB0DD01F24FB5800B6F3FA /* Main.storyboard */,
				F7FB0DD31F24FB5800B6F3FA /* Assets.xcassets */,
				F7FB0DD51F24FB5800B6F3FA /* LaunchScreen.storyboard */,
				F7FB0DD81F24FB5800B6F3FA /* Info.plist */,
				F7FB0DFD1F24FB7C00B6F3FA /* refresh@2x.png */,
				F7FB0DFE1F24FB7C00B6F3FA /* refresh@3x.png */,
				F7FB0DC71F24FB5800B6F3FA /* Supporting Files */,
			);
			path = XQEmptyTool;
			sourceTree = "<group>";
		};
		F7FB0DC71F24FB5800B6F3FA /* Supporting Files */ = {
			isa = PBXGroup;
			children = (
				F7FB0DC81F24FB5800B6F3FA /* main.m */,
			);
			name = "Supporting Files";
			sourceTree = "<group>";
		};
		F7FB0DE01F24FB5800B6F3FA /* XQEmptyToolTests */ = {
			isa = PBXGroup;
			children = (
				F7FB0DE11F24FB5800B6F3FA /* XQEmptyToolTests.m */,
				F7FB0DE31F24FB5800B6F3FA /* Info.plist */,
			);
			path = XQEmptyToolTests;
			sourceTree = "<group>";
		};
		F7FB0DEB1F24FB5800B6F3FA /* XQEmptyToolUITests */ = {
			isa = PBXGroup;
			children = (
				F7FB0DEC1F24FB5800B6F3FA /* XQEmptyToolUITests.m */,
				F7FB0DEE1F24FB5800B6F3FA /* Info.plist */,
			);
			path = XQEmptyToolUITests;
			sourceTree = "<group>";
		};
/* End PBXGroup section */

/* Begin PBXNativeTarget section */
		F7FB0DC31F24FB5700B6F3FA /* XQEmptyTool */ = {
			isa = PBXNativeTarget;
			buildConfigurationList = F7FB0DF11F24FB5800B6F3FA /* Build configuration list for PBXNativeTarget "XQEmptyTool" */;
			buildPhases = (
				F7FB0DC01F24FB5700B6F3FA /* Sources */,
				F7FB0DC11F24FB5700B6F3FA /* Frameworks */,
				F7FB0DC21F24FB5700B6F3FA /* Resources */,
			);
			buildRules = (
			);
			dependencies = (
			);
			name = XQEmptyTool;
			productName = XQEmptyTool;
			productReference = F7FB0DC41F24FB5800B6F3FA /* XQEmptyTool.app */;
			productType = "com.apple.product-type.application";
		};
		F7FB0DDC1F24FB5800B6F3FA /* XQEmptyToolTests */ = {
			isa = PBXNativeTarget;
			buildConfigurationList = F7FB0DF41F24FB5800B6F3FA /* Build configuration list for PBXNativeTarget "XQEmptyToolTests" */;
			buildPhases = (
				F7FB0DD91F24FB5800B6F3FA /* Sources */,
				F7FB0DDA1F24FB5800B6F3FA /* Frameworks */,
				F7FB0DDB1F24FB5800B6F3FA /* Resources */,
			);
			buildRules = (
			);
			dependencies = (
				F7FB0DDF1F24FB5800B6F3FA /* PBXTargetDependency */,
			);
			name = XQEmptyToolTests;
			productName = XQEmptyToolTests;
			productReference = F7FB0DDD1F24FB5800B6F3FA /* XQEmptyToolTests.xctest */;
			productType = "com.apple.product-type.bundle.unit-test";
		};
		F7FB0DE71F24FB5800B6F3FA /* XQEmptyToolUITests */ = {
			isa = PBXNativeTarget;
			buildConfigurationList = F7FB0DF71F24FB5800B6F3FA /* Build configuration list for PBXNativeTarget "XQEmptyToolUITests" */;
			buildPhases = (
				F7FB0DE41F24FB5800B6F3FA /* Sources */,
				F7FB0DE51F24FB5800B6F3FA /* Frameworks */,
				F7FB0DE61F24FB5800B6F3FA /* Resources */,
			);
			buildRules = (
			);
			dependencies = (
				F7FB0DEA1F24FB5800B6F3FA /* PBXTargetDependency */,
			);
			name = XQEmptyToolUITests;
			productName = XQEmptyToolUITests;
			productReference = F7FB0DE81F24FB5800B6F3FA /* XQEmptyToolUITests.xctest */;
			productType = "com.apple.product-type.bundle.ui-testing";
		};
/* End PBXNativeTarget section */

/* Begin PBXProject section */
		F7FB0DBC1F24FB5700B6F3FA /* Project object */ = {
			isa = PBXProject;
			attributes = {
				LastUpgradeCheck = 0810;
				ORGANIZATIONNAME = Qiang;
				TargetAttributes = {
					F7FB0DC31F24FB5700B6F3FA = {
						CreatedOnToolsVersion = 8.1;
						DevelopmentTeam = X8GHMEWAMM;
						ProvisioningStyle = Automatic;
					};
					F7FB0DDC1F24FB5800B6F3FA = {
						CreatedOnToolsVersion = 8.1;
						ProvisioningStyle = Automatic;
						TestTargetID = F7FB0DC31F24FB5700B6F3FA;
					};
					F7FB0DE71F24FB5800B6F3FA = {
						CreatedOnToolsVersion = 8.1;
						ProvisioningStyle = Automatic;
						TestTargetID = F7FB0DC31F24FB5700B6F3FA;
					};
				};
			};
			buildConfigurationList = F7FB0DBF1F24FB5700B6F3FA /* Build configuration list for PBXProject "XQEmptyTool" */;
			compatibilityVersion = "Xcode 3.2";
			developmentRegion = English;
			hasScannedForEncodings = 0;
			knownRegions = (
				en,
				Base,
			);
			mainGroup = F7FB0DBB1F24FB5700B6F3FA;
			productRefGroup = F7FB0DC51F24FB5800B6F3FA /* Products */;
			projectDirPath = "";
			projectRoot = "";
			targets = (
				F7FB0DC31F24FB5700B6F3FA /* XQEmptyTool */,
				F7FB0DDC1F24FB5800B6F3FA /* XQEmptyToolTests */,
				F7FB0DE71F24FB5800B6F3FA /* XQEmptyToolUITests */,
			);
		};
/* End PBXProject section */

/* Begin PBXResourcesBuildPhase section */
		F7FB0DC21F24FB5700B6F3FA /* Resources */ = {
			isa = PBXResourcesBuildPhase;
			buildActionMask = 2147483647;
			files = (
				F7FB0DD71F24FB5800B6F3FA /* LaunchScreen.storyboard in Resources */,
				F7FB0DD41F24FB5800B6F3FA /* Assets.xcassets in Resources */,
				F7FB0DFF1F24FB7C00B6F3FA /* refresh@2x.png in Resources */,
				F7FB0E001F24FB7C00B6F3FA /* refresh@3x.png in Resources */,
				F7FB0DD21F24FB5800B6F3FA /* Main.storyboard in Resources */,
			);
			runOnlyForDeploymentPostprocessing = 0;
		};
		F7FB0DDB1F24FB5800B6F3FA /* Resources */ = {
			isa = PBXResourcesBuildPhase;
			buildActionMask = 2147483647;
			files = (
			);
			runOnlyForDeploymentPostprocessing = 0;
		};
		F7FB0DE61F24FB5800B6F3FA /* Resources */ = {
			isa = PBXResourcesBuildPhase;
			buildActionMask = 2147483647;
			files = (
			);
			runOnlyForDeploymentPostprocessing = 0;
		};
/* End PBXResourcesBuildPhase section */

/* Begin PBXSourcesBuildPhase section */
		F7FB0DC01F24FB5700B6F3FA /* Sources */ = {
			isa = PBXSourcesBuildPhase;
			buildActionMask = 2147483647;
			files = (
				F7FB0DCF1F24FB5800B6F3FA /* ViewController.m in Sources */,
				F76ADFC91F26B979008E5E7C /* UITableView+Empty.m in Sources */,
				F7FB0DCC1F24FB5800B6F3FA /* AppDelegate.m in Sources */,
				F7FB0DC91F24FB5800B6F3FA /* main.m in Sources */,
			);
			runOnlyForDeploymentPostprocessing = 0;
		};
		F7FB0DD91F24FB5800B6F3FA /* Sources */ = {
			isa = PBXSourcesBuildPhase;
			buildActionMask = 2147483647;
			files = (
				F7FB0DE21F24FB5800B6F3FA /* XQEmptyToolTests.m in Sources */,
			);
			runOnlyForDeploymentPostprocessing = 0;
		};
		F7FB0DE41F24FB5800B6F3FA /* Sources */ = {
			isa = PBXSourcesBuildPhase;
			buildActionMask = 2147483647;
			files = (
				F7FB0DED1F24FB5800B6F3FA /* XQEmptyToolUITests.m in Sources */,
			);
			runOnlyForDeploymentPostprocessing = 0;
		};
/* End PBXSourcesBuildPhase section */

/* Begin PBXTargetDependency section */
		F7FB0DDF1F24FB5800B6F3FA /* PBXTargetDependency */ = {
			isa = PBXTargetDependency;
			target = F7FB0DC31F24FB5700B6F3FA /* XQEmptyTool */;
			targetProxy = F7FB0DDE1F24FB5800B6F3FA /* PBXContainerItemProxy */;
		};
		F7FB0DEA1F24FB5800B6F3FA /* PBXTargetDependency */ = {
			isa = PBXTargetDependency;
			target = F7FB0DC31F24FB5700B6F3FA /* XQEmptyTool */;
			targetProxy = F7FB0DE91F24FB5800B6F3FA /* PBXContainerItemProxy */;
		};
/* End PBXTargetDependency section */

/* Begin PBXVariantGroup section */
		F7FB0DD01F24FB5800B6F3FA /* Main.storyboard */ = {
			isa = PBXVariantGroup;
			children = (
				F7FB0DD11F24FB5800B6F3FA /* Base */,
			);
			name = Main.storyboard;
			sourceTree = "<group>";
		};
		F7FB0DD51F24FB5800B6F3FA /* LaunchScreen.storyboard */ = {
			isa = PBXVariantGroup;
			children = (
				F7FB0DD61F24FB5800B6F3FA /* Base */,
			);
			name = LaunchScreen.storyboard;
			sourceTree = "<group>";
		};
/* End PBXVariantGroup section */

/* Begin XCBuildConfiguration section */
		F7FB0DEF1F24FB5800B6F3FA /* Debug */ = {
			isa = XCBuildConfiguration;
			buildSettings = {
				ALWAYS_SEARCH_USER_PATHS = NO;
				CLANG_ANALYZER_NONNULL = YES;
				CLANG_CXX_LANGUAGE_STANDARD = "gnu++0x";
				CLANG_CXX_LIBRARY = "libc++";
				CLANG_ENABLE_MODULES = YES;
				CLANG_ENABLE_OBJC_ARC = YES;
				CLANG_WARN_BOOL_CONVERSION = YES;
				CLANG_WARN_CONSTANT_CONVERSION = YES;
				CLANG_WARN_DIRECT_OBJC_ISA_USAGE = YES_ERROR;
				CLANG_WARN_DOCUMENTATION_COMMENTS = YES;
				CLANG_WARN_EMPTY_BODY = YES;
				CLANG_WARN_ENUM_CONVERSION = YES;
				CLANG_WARN_INFINITE_RECURSION = YES;
				CLANG_WARN_INT_CONVERSION = YES;
				CLANG_WARN_OBJC_ROOT_CLASS = YES_ERROR;
				CLANG_WARN_SUSPICIOUS_MOVES = YES;
				CLANG_WARN_UNREACHABLE_CODE = YES;
				CLANG_WARN__DUPLICATE_METHOD_MATCH = YES;
				"CODE_SIGN_IDENTITY[sdk=iphoneos*]" = "iPhone Developer";
				COPY_PHASE_STRIP = NO;
				DEBUG_INFORMATION_FORMAT = dwarf;
				ENABLE_STRICT_OBJC_MSGSEND = YES;
				ENABLE_TESTABILITY = YES;
				GCC_C_LANGUAGE_STANDARD = gnu99;
				GCC_DYNAMIC_NO_PIC = NO;
				GCC_NO_COMMON_BLOCKS = YES;
				GCC_OPTIMIZATION_LEVEL = 0;
				GCC_PREPROCESSOR_DEFINITIONS = (
					"DEBUG=1",
					"$(inherited)",
				);
				GCC_WARN_64_TO_32_BIT_CONVERSION = YES;
				GCC_WARN_ABOUT_RETURN_TYPE = YES_ERROR;
				GCC_WARN_UNDECLARED_SELECTOR = YES;
				GCC_WARN_UNINITIALIZED_AUTOS = YES_AGGRESSIVE;
				GCC_WARN_UNUSED_FUNCTION = YES;
				GCC_WARN_UNUSED_VARIABLE = YES;
				IPHONEOS_DEPLOYMENT_TARGET = 10.1;
				MTL_ENABLE_DEBUG_INFO = YES;
				ONLY_ACTIVE_ARCH = YES;
				SDKROOT = iphoneos;
				TARGETED_DEVICE_FAMILY = "1,2";
			};
			name = Debug;
		};
		F7FB0DF01F24FB5800B6F3FA /* Release */ = {
			isa = XCBuildConfiguration;
			buildSettings = {
				ALWAYS_SEARCH_USER_PATHS = NO;
				CLANG_ANALYZER_NONNULL = YES;
				CLANG_CXX_LANGUAGE_STANDARD = "gnu++0x";
				CLANG_CXX_LIBRARY = "libc++";
				CLANG_ENABLE_MODULES = YES;
				CLANG_ENABLE_OBJC_ARC = YES;
				CLANG_WARN_BOOL_CONVERSION = YES;
				CLANG_WARN_CONSTANT_CONVERSION = YES;
				CLANG_WARN_DIRECT_OBJC_ISA_USAGE = YES_ERROR;
				CLANG_WARN_DOCUMENTATION_COMMENTS = YES;
				CLANG_WARN_EMPTY_BODY = YES;
				CLANG_WARN_ENUM_CONVERSION = YES;
				CLANG_WARN_INFINITE_RECURSION = YES;
				CLANG_WARN_INT_CONVERSION = YES;
				CLANG_WARN_OBJC_ROOT_CLASS = YES_ERROR;
				CLANG_WARN_SUSPICIOUS_MOVES = YES;
				CLANG_WARN_UNREACHABLE_CODE = YES;
				CLANG_WARN__DUPLICATE_METHOD_MATCH = YES;
				"CODE_SIGN_IDENTITY[sdk=iphoneos*]" = "iPhone Developer";
				COPY_PHASE_STRIP = NO;
				DEBUG_INFORMATION_FORMAT = "dwarf-with-dsym";
				ENABLE_NS_ASSERTIONS = NO;
				ENABLE_STRICT_OBJC_MSGSEND = YES;
				GCC_C_LANGUAGE_STANDARD = gnu99;
				GCC_NO_COMMON_BLOCKS = YES;
				GCC_WARN_64_TO_32_BIT_CONVERSION = YES;
				GCC_WARN_ABOUT_RETURN_TYPE = YES_ERROR;
				GCC_WARN_UNDECLARED_SELECTOR = YES;
				GCC_WARN_UNINITIALIZED_AUTOS = YES_AGGRESSIVE;
				GCC_WARN_UNUSED_FUNCTION = YES;
				GCC_WARN_UNUSED_VARIABLE = YES;
				IPHONEOS_DEPLOYMENT_TARGET = 10.1;
				MTL_ENABLE_DEBUG_INFO = NO;
				SDKROOT = iphoneos;
				TARGETED_DEVICE_FAMILY = "1,2";
				VALIDATE_PRODUCT = YES;
			};
			name = Release;
		};
		F7FB0DF21F24FB5800B6F3FA /* Debug */ = {
			isa = XCBuildConfiguration;
			buildSettings = {
				ASSETCATALOG_COMPILER_APPICON_NAME = AppIcon;
				DEVELOPMENT_TEAM = X8GHMEWAMM;
				INFOPLIST_FILE = XQEmptyTool/Info.plist;
				LD_RUNPATH_SEARCH_PATHS = "$(inherited) @executable_path/Frameworks";
				PRODUCT_BUNDLE_IDENTIFIER = icofans.com.XQEmptyTool;
				PRODUCT_NAME = "$(TARGET_NAME)";
			};
			name = Debug;
		};
		F7FB0DF31F24FB5800B6F3FA /* Release */ = {
			isa = XCBuildConfiguration;
			buildSettings = {
				ASSETCATALOG_COMPILER_APPICON_NAME = AppIcon;
				DEVELOPMENT_TEAM = X8GHMEWAMM;
				INFOPLIST_FILE = XQEmptyTool/Info.plist;
				LD_RUNPATH_SEARCH_PATHS = "$(inherited) @executable_path/Frameworks";
				PRODUCT_BUNDLE_IDENTIFIER = icofans.com.XQEmptyTool;
				PRODUCT_NAME = "$(TARGET_NAME)";
			};
			name = Release;
		};
		F7FB0DF51F24FB5800B6F3FA /* Debug */ = {
			isa = XCBuildConfiguration;
			buildSettings = {
				BUNDLE_LOADER = "$(TEST_HOST)";
				INFOPLIST_FILE = XQEmptyToolTests/Info.plist;
				LD_RUNPATH_SEARCH_PATHS = "$(inherited) @executable_path/Frameworks @loader_path/Frameworks";
				PRODUCT_BUNDLE_IDENTIFIER = icofans.com.XQEmptyToolTests;
				PRODUCT_NAME = "$(TARGET_NAME)";
				TEST_HOST = "$(BUILT_PRODUCTS_DIR)/XQEmptyTool.app/XQEmptyTool";
			};
			name = Debug;
		};
		F7FB0DF61F24FB5800B6F3FA /* Release */ = {
			isa = XCBuildConfiguration;
			buildSettings = {
				BUNDLE_LOADER = "$(TEST_HOST)";
				INFOPLIST_FILE = XQEmptyToolTests/Info.plist;
				LD_RUNPATH_SEARCH_PATHS = "$(inherited) @executable_path/Frameworks @loader_path/Frameworks";
				PRODUCT_BUNDLE_IDENTIFIER = icofans.com.XQEmptyToolTests;
				PRODUCT_NAME = "$(TARGET_NAME)";
				TEST_HOST = "$(BUILT_PRODUCTS_DIR)/XQEmptyTool.app/XQEmptyTool";
			};
			name = Release;
		};
		F7FB0DF81F24FB5800B6F3FA /* Debug */ = {
			isa = XCBuildConfiguration;
			buildSettings = {
				INFOPLIST_FILE = XQEmptyToolUITests/Info.plist;
				LD_RUNPATH_SEARCH_PATHS = "$(inherited) @executable_path/Frameworks @loader_path/Frameworks";
				PRODUCT_BUNDLE_IDENTIFIER = icofans.com.XQEmptyToolUITests;
				PRODUCT_NAME = "$(TARGET_NAME)";
				TEST_TARGET_NAME = XQEmptyTool;
			};
			name = Debug;
		};
		F7FB0DF91F24FB5800B6F3FA /* Release */ = {
			isa = XCBuildConfiguration;
			buildSettings = {
				INFOPLIST_FILE = XQEmptyToolUITests/Info.plist;
				LD_RUNPATH_SEARCH_PATHS = "$(inherited) @executable_path/Frameworks @loader_path/Frameworks";
				PRODUCT_BUNDLE_IDENTIFIER = icofans.com.XQEmptyToolUITests;
				PRODUCT_NAME = "$(TARGET_NAME)";
				TEST_TARGET_NAME = XQEmptyTool;
			};
			name = Release;
		};
/* End XCBuildConfiguration section */

/* Begin XCConfigurationList section */
		F7FB0DBF1F24FB5700B6F3FA /* Build configuration list for PBXProject "XQEmptyTool" */ = {
			isa = XCConfigurationList;
			buildConfigurations = (
				F7FB0DEF1F24FB5800B6F3FA /* Debug */,
				F7FB0DF01F24FB5800B6F3FA /* Release */,
			);
			defaultConfigurationIsVisible = 0;
			defaultConfigurationName = Release;
		};
		F7FB0DF11F24FB5800B6F3FA /* Build configuration list for PBXNativeTarget "XQEmptyTool" */ = {
			isa = XCConfigurationList;
			buildConfigurations = (
				F7FB0DF21F24FB5800B6F3FA /* Debug */,
				F7FB0DF31F24FB5800B6F3FA /* Release */,
			);
			defaultConfigurationIsVisible = 0;
			defaultConfigurationName = Release;
		};
		F7FB0DF41F24FB5800B6F3FA /* Build configuration list for PBXNativeTarget "XQEmptyToolTests" */ = {
			isa = XCConfigurationList;
			buildConfigurations = (
				F7FB0DF51F24FB5800B6F3FA /* Debug */,
				F7FB0DF61F24FB5800B6F3FA /* Release */,
			);
			defaultConfigurationIsVisible = 0;
			defaultConfigurationName = Release;
		};
		F7FB0DF71F24FB5800B6F3FA /* Build configuration list for PBXNativeTarget "XQEmptyToolUITests" */ = {
			isa = XCConfigurationList;
			buildConfigurations = (
				F7FB0DF81F24FB5800B6F3FA /* Debug */,
				F7FB0DF91F24FB5800B6F3FA /* Release */,
			);
			defaultConfigurationIsVisible = 0;
			defaultConfigurationName = Release;
		};
/* End XCConfigurationList section */
	};
	rootObject = F7FB0DBC1F24FB5700B6F3FA /* Project object */;
}
